// !$*UTF8*$!
{
	archiveVersion = 1;
	classes = {
	};
	objectVersion = 46;
	objects = {

/* Begin PBXBuildFile section */
		0D3F3D491C628ED100F0CB8C /* AppDelegate.swift in Sources */ = {isa = PBXBuildFile; fileRef = 0D3F3D481C628ED100F0CB8C /* AppDelegate.swift */; };
		0D3F3D4B1C628ED100F0CB8C /* ViewController.swift in Sources */ = {isa = PBXBuildFile; fileRef = 0D3F3D4A1C628ED100F0CB8C /* ViewController.swift */; };
		0D3F3D4E1C628ED100F0CB8C /* Main.storyboard in Resources */ = {isa = PBXBuildFile; fileRef = 0D3F3D4C1C628ED100F0CB8C /* Main.storyboard */; };
		0D3F3D501C628ED100F0CB8C /* Assets.xcassets in Resources */ = {isa = PBXBuildFile; fileRef = 0D3F3D4F1C628ED100F0CB8C /* Assets.xcassets */; };
		0D3F3D531C628ED100F0CB8C /* LaunchScreen.storyboard in Resources */ = {isa = PBXBuildFile; fileRef = 0D3F3D511C628ED100F0CB8C /* LaunchScreen.storyboard */; };
/* End PBXBuildFile section */

/* Begin PBXFileReference section */
		0D3F3D451C628ED100F0CB8C /* RPG(oop).app */ = {isa = PBXFileReference; explicitFileType = wrapper.application; includeInIndex = 0; path = "RPG(oop).app"; sourceTree = BUILT_PRODUCTS_DIR; };
		0D3F3D481C628ED100F0CB8C /* AppDelegate.swift */ = {isa = PBXFileReference; lastKnownFileType = sourcecode.swift; path = AppDelegate.swift; sourceTree = "<group>"; };
		0D3F3D4A1C628ED100F0CB8C /* ViewController.swift */ = {isa = PBXFileReference; lastKnownFileType = sourcecode.swift; path = ViewController.swift; sourceTree = "<group>"; };
		0D3F3D4D1C628ED100F0CB8C /* Base */ = {isa = PBXFileReference; lastKnownFileType = file.storyboard; name = Base; path = Base.lproj/Main.storyboard; sourceTree = "<group>"; };
		0D3F3D4F1C628ED100F0CB8C /* Assets.xcassets */ = {isa = PBXFileReference; lastKnownFileType = folder.assetcatalog; path = Assets.xcassets; sourceTree = "<group>"; };
		0D3F3D521C628ED100F0CB8C /* Base */ = {isa = PBXFileReference; lastKnownFileType = file.storyboard; name = Base; path = Base.lproj/LaunchScreen.storyboard; sourceTree = "<group>"; };
		0D3F3D541C628ED100F0CB8C /* Info.plist */ = {isa = PBXFileReference; lastKnownFileType = text.plist.xml; path = Info.plist; sourceTree = "<group>"; };
/* End PBXFileReference section */

/* Begin PBXFrameworksBuildPhase section */
		0D3F3D421C628ED100F0CB8C /* Frameworks */ = {
			isa = PBXFrameworksBuildPhase;
			buildActionMask = 2147483647;
			files = (
			);
			runOnlyForDeploymentPostprocessing = 0;
		};
/* End PBXFrameworksBuildPhase section */

/* Begin PBXGroup section */
		0D3F3D3C1C628ED000F0CB8C = {
			isa = PBXGroup;
			children = (
				0D3F3D471C628ED100F0CB8C /* RPG(oop) */,
				0D3F3D461C628ED100F0CB8C /* Products */,
			);
			sourceTree = "<group>";
		};
		0D3F3D461C628ED100F0CB8C /* Products */ = {
			isa = PBXGroup;
			children = (
				0D3F3D451C628ED100F0CB8C /* RPG(oop).app */,
			);
			name = Products;
			sourceTree = "<group>";
		};
		0D3F3D471C628ED100F0CB8C /* RPG(oop) */ = {
			isa = PBXGroup;
			children = (
				0D3F3D481C628ED100F0CB8C /* AppDelegate.swift */,
				0D3F3D4A1C628ED100F0CB8C /* ViewController.swift */,
				0D3F3D4C1C628ED100F0CB8C /* Main.storyboard */,
				0D3F3D4F1C628ED100F0CB8C /* Assets.xcassets */,
				0D3F3D511C628ED100F0CB8C /* LaunchScreen.storyboard */,
				0D3F3D541C628ED100F0CB8C /* Info.plist */,
			);
			path = "RPG(oop)";
			sourceTree = "<group>";
		};
/* End PBXGroup section */

/* Begin PBXNativeTarget section */
		0D3F3D441C628ED100F0CB8C /* RPG(oop) */ = {
			isa = PBXNativeTarget;
			buildConfigurationList = 0D3F3D571C628ED100F0CB8C /* Build configuration list for PBXNativeTarget "RPG(oop)" */;
			buildPhases = (
				0D3F3D411C628ED100F0CB8C /* Sources */,
				0D3F3D421C628ED100F0CB8C /* Frameworks */,
				0D3F3D431C628ED100F0CB8C /* Resources */,
			);
			buildRules = (
			);
			dependencies = (
			);
			name = "RPG(oop)";
			productName = "RPG(oop)";
			productReference = 0D3F3D451C628ED100F0CB8C /* RPG(oop).app */;
			productType = "com.apple.product-type.application";
		};
/* End PBXNativeTarget section */

/* Begin PBXProject section */
		0D3F3D3D1C628ED000F0CB8C /* Project object */ = {
			isa = PBXProject;
			attributes = {
				LastSwiftUpdateCheck = 0720;
				LastUpgradeCheck = 0720;
				ORGANIZATIONNAME = Ridwan;
				TargetAttributes = {
					0D3F3D441C628ED100F0CB8C = {
						CreatedOnToolsVersion = 7.2;
						DevelopmentTeam = 968BQ6J57G;
					};
				};
			};
			buildConfigurationList = 0D3F3D401C628ED000F0CB8C /* Build configuration list for PBXProject "RPG(oop)" */;
			compatibilityVersion = "Xcode 3.2";
			developmentRegion = English;
			hasScannedForEncodings = 0;
			knownRegions = (
				en,
				Base,
			);
			mainGroup = 0D3F3D3C1C628ED000F0CB8C;
			productRefGroup = 0D3F3D461C628ED100F0CB8C /* Products */;
			projectDirPath = "";
			projectRoot = "";
			targets = (
				0D3F3D441C628ED100F0CB8C /* RPG(oop) */,
			);
		};
/* End PBXProject section */

/* Begin PBXResourcesBuildPhase section */
		0D3F3D431C628ED100F0CB8C /* Resources */ = {
			isa = PBXResourcesBuildPhase;
			buildActionMask = 2147483647;
			files = (
				0D3F3D531C628ED100F0CB8C /* LaunchScreen.storyboard in Resources */,
				0D3F3D501C628ED100F0CB8C /* Assets.xcassets in Resources */,
				0D3F3D4E1C628ED100F0CB8C /* Main.storyboard in Resources */,
			);
			runOnlyForDeploymentPostprocessing = 0;
		};
/* End PBXResourcesBuildPhase section */

/* Begin PBXSourcesBuildPhase section */
		0D3F3D411C628ED100F0CB8C /* Sources */ = {
			isa = PBXSourcesBuildPhase;
			buildActionMask = 2147483647;
			files = (
				0D3F3D4B1C628ED100F0CB8C /* ViewController.swift in Sources */,
				0D3F3D491C628ED100F0CB8C /* AppDelegate.swift in Sources */,
			);
			runOnlyForDeploymentPostprocessing = 0;
		};
/* End PBXSourcesBuildPhase section */

/* Begin PBXVariantGroup section */
		0D3F3D4C1C628ED100F0CB8C /* Main.storyboard */ = {
			isa = PBXVariantGroup;
			children = (
				0D3F3D4D1C628ED100F0CB8C /* Base */,
			);
			name = Main.storyboard;
			sourceTree = "<group>";
		};
		0D3F3D511C628ED100F0CB8C /* LaunchScreen.storyboard */ = {
			isa = PBXVariantGroup;
			children = (
				0D3F3D521C628ED100F0CB8C /* Base */,
			);
			name = LaunchScreen.storyboard;
			sourceTree = "<group>";
		};
/* End PBXVariantGroup section */

/* Begin XCBuildConfiguration section */
		0D3F3D551C628ED100F0CB8C /* Debug */ = {
			isa = XCBuildConfiguration;
			buildSettings = {
				ALWAYS_SEARCH_USER_PATHS = NO;
				CLANG_CXX_LANGUAGE_STANDARD = "gnu++0x";
				CLANG_CXX_LIBRARY = "libc++";
				CLANG_ENABLE_MODULES = YES;
				CLANG_ENABLE_OBJC_ARC = YES;
				CLANG_WARN_BOOL_CONVERSION = YES;
				CLANG_WARN_CONSTANT_CONVERSION = YES;
				CLANG_WARN_DIRECT_OBJC_ISA_USAGE = YES_ERROR;
				CLANG_WARN_EMPTY_BODY = YES;
				CLANG_WARN_ENUM_CONVERSION = YES;
				CLANG_WARN_INT_CONVERSION = YES;
				CLANG_WARN_OBJC_ROOT_CLASS = YES_ERROR;
				CLANG_WARN_UNREACHABLE_CODE = YES;
				CLANG_WARN__DUPLICATE_METHOD_MATCH = YES;
				"CODE_SIGN_IDENTITY[sdk=iphoneos*]" = "iPhone Developer";
				COPY_PHASE_STRIP = NO;
				DEBUG_INFORMATION_FORMAT = dwarf;
				ENABLE_STRICT_OBJC_MSGSEND = YES;
				ENABLE_TESTABILITY = YES;
				GCC_C_LANGUAGE_STANDARD = gnu99;
				GCC_DYNAMIC_NO_PIC = NO;
				GCC_NO_COMMON_BLOCKS = YES;
				GCC_OPTIMIZATION_LEVEL = 0;
				GCC_PREPROCESSOR_DEFINITIONS = (
					"DEBUG=1",
					"$(inherited)",
				);
				GCC_WARN_64_TO_32_BIT_CONVERSION = YES;
				GCC_WARN_ABOUT_RETURN_TYPE = YES_ERROR;
				GCC_WARN_UNDECLARED_SELECTOR = YES;
				GCC_WARN_UNINITIALIZED_AUTOS = YES_AGGRESSIVE;
				GCC_WARN_UNUSED_FUNCTION = YES;
				GCC_WARN_UNUSED_VARIABLE = YES;
				IPHONEOS_DEPLOYMENT_TARGET = 9.2;
				MTL_ENABLE_DEBUG_INFO = YES;
				ONLY_ACTIVE_ARCH = YES;
				SDKROOT = iphoneos;
				SWIFT_OPTIMIZATION_LEVEL = "-Onone";
			};
			name = Debug;
		};
		0D3F3D561C628ED100F0CB8C /* Release */ = {
			isa = XCBuildConfiguration;
			buildSettings = {
				ALWAYS_SEARCH_USER_PATHS = NO;
				CLANG_CXX_LANGUAGE_STANDARD = "gnu++0x";
				CLANG_CXX_LIBRARY = "libc++";
				CLANG_ENABLE_MODULES = YES;
				CLANG_ENABLE_OBJC_ARC = YES;
				CLANG_WARN_BOOL_CONVERSION = YES;
				CLANG_WARN_CONSTANT_CONVERSION = YES;
				CLANG_WARN_DIRECT_OBJC_ISA_USAGE = YES_ERROR;
				CLANG_WARN_EMPTY_BODY = YES;
				CLANG_WARN_ENUM_CONVERSION = YES;
				CLANG_WARN_INT_CONVERSION = YES;
				CLANG_WARN_OBJC_ROOT_CLASS = YES_ERROR;
				CLANG_WARN_UNREACHABLE_CODE = YES;
				CLANG_WARN__DUPLICATE_METHOD_MATCH = YES;
				"CODE_SIGN_IDENTITY[sdk=iphoneos*]" = "iPhone Developer";
				COPY_PHASE_STRIP = NO;
				DEBUG_INFORMATION_FORMAT = "dwarf-with-dsym";
				ENABLE_NS_ASSERTIONS = NO;
				ENABLE_STRICT_OBJC_MSGSEND = YES;
				GCC_C_LANGUAGE_STANDARD = gnu99;
				GCC_NO_COMMON_BLOCKS = YES;
				GCC_WARN_64_TO_32_BIT_CONVERSION = YES;
				GCC_WARN_ABOUT_RETURN_TYPE = YES_ERROR;
				GCC_WARN_UNDECLARED_SELECTOR = YES;
				GCC_WARN_UNINITIALIZED_AUTOS = YES_AGGRESSIVE;
				GCC_WARN_UNUSED_FUNCTION = YES;
				GCC_WARN_UNUSED_VARIABLE = YES;
				IPHONEOS_DEPLOYMENT_TARGET = 9.2;
				MTL_ENABLE_DEBUG_INFO = NO;
				SDKROOT = iphoneos;
				VALIDATE_PRODUCT = YES;
			};
			name = Release;
		};
		0D3F3D581C628ED100F0CB8C /* Debug */ = {
			isa = XCBuildConfiguration;
			buildSettings = {
				ASSETCATALOG_COMPILER_APPICON_NAME = AppIcon;
				INFOPLIST_FILE = "RPG(oop)/Info.plist";
				LD_RUNPATH_SEARCH_PATHS = "$(inherited) @executable_path/Frameworks";
				PRODUCT_BUNDLE_IDENTIFIER = "co.uk.ridwan.RPG-oop-";
				PRODUCT_NAME = "$(TARGET_NAME)";
			};
			name = Debug;
		};
		0D3F3D591C628ED100F0CB8C /* Release */ = {
			isa = XCBuildConfiguration;
			buildSettings = {
				ASSETCATALOG_COMPILER_APPICON_NAME = AppIcon;
				INFOPLIST_FILE = "RPG(oop)/Info.plist";
				LD_RUNPATH_SEARCH_PATHS = "$(inherited) @executable_path/Frameworks";
				PRODUCT_BUNDLE_IDENTIFIER = "co.uk.ridwan.RPG-oop-";
				PRODUCT_NAME = "$(TARGET_NAME)";
			};
			name = Release;
		};
/* End XCBuildConfiguration section */

/* Begin XCConfigurationList section */
		0D3F3D401C628ED000F0CB8C /* Build configuration list for PBXProject "RPG(oop)" */ = {
			isa = XCConfigurationList;
			buildConfigurations = (
				0D3F3D551C628ED100F0CB8C /* Debug */,
				0D3F3D561C628ED100F0CB8C /* Release */,
			);
			defaultConfigurationIsVisible = 0;
			defaultConfigurationName = Release;
		};
		0D3F3D571C628ED100F0CB8C /* Build configuration list for PBXNativeTarget "RPG(oop)" */ = {
			isa = XCConfigurationList;
			buildConfigurations = (
				0D3F3D581C628ED100F0CB8C /* Debug */,
				0D3F3D591C628ED100F0CB8C /* Release */,
			);
			defaultConfigurationIsVisible = 0;
		};
/* End XCConfigurationList section */
	};
	rootObject = 0D3F3D3D1C628ED000F0CB8C /* Project object */;
}
